
Microsoft Visual Studio Solution File, Format Version 12.00
# Visual Studio 15
VisualStudioVersion = 15.0.28010.2048
MinimumVisualStudioVersion = 10.0.40219.1
Project("{FAE04EC0-301F-11D3-BF4B-00C04F79EFBC}") = "TSC", "TSC\TSC.csproj", "{995DF3F5-17DA-4A37-B7ED-7B3729C825CD}"
EndProject
Project("{2150E333-8FDC-42A3-9474-1A3956D46DE8}") = "Solution Items", "Solution Items", "{FD0C9BAF-2A73-4CB1-BD18-FED5954C9B14}"
EndProject
Global
	GlobalSection(SolutionConfigurationPlatforms) = preSolution
		Debug|Any CPU = Debug|Any CPU
		Release|Any CPU = Release|Any CPU
	EndGlobalSection
	GlobalSection(ProjectConfigurationPlatforms) = postSolution
		{995DF3F5-17DA-4A37-B7ED-7B3729C825CD}.Debug|Any CPU.ActiveCfg = Debug|Any CPU
		{995DF3F5-17DA-4A37-B7ED-7B3729C825CD}.Debug|Any CPU.Build.0 = Debug|Any CPU
		{995DF3F5-17DA-4A37-B7ED-7B3729C825CD}.Release|Any CPU.ActiveCfg = Release|Any CPU
		{995DF3F5-17DA-4A37-B7ED-7B3729C825CD}.Release|Any CPU.Build.0 = Release|Any CPU
	EndGlobalSection
	GlobalSection(SolutionProperties) = preSolution
		HideSolutionNode = FALSE
	EndGlobalSection
	GlobalSection(ExtensibilityGlobals) = postSolution
		SolutionGuid = {D0B9C526-9A30-48A1-9DD5-1DD84C2C2BF1}
	EndGlobalSection
EndGlobal
